
Microsoft Visual Studio Solution File, Format Version 12.00
# Visual Studio Version 16
VisualStudioVersion = 16.0.29920.165
MinimumVisualStudioVersion = 10.0.40219.1
Project("{FAE04EC0-301F-11D3-BF4B-00C04F79EFBC}") = "LoLApi", "LoLApi\LoLApi.csproj", "{9A23E541-549E-46D8-B89D-EC8901123C90}"
EndProject
Global
	GlobalSection(SolutionConfigurationPlatforms) = preSolution
		Debug|Any CPU = Debug|Any CPU
		Release|Any CPU = Release|Any CPU
	EndGlobalSection
	GlobalSection(ProjectConfigurationPlatforms) = postSolution
		{9A23E541-549E-46D8-B89D-EC8901123C90}.Debug|Any CPU.ActiveCfg = Debug|Any CPU
		{9A23E541-549E-46D8-B89D-EC8901123C90}.Debug|Any CPU.Build.0 = Debug|Any CPU
		{9A23E541-549E-46D8-B89D-EC8901123C90}.Release|Any CPU.ActiveCfg = Release|Any CPU
		{9A23E541-549E-46D8-B89D-EC8901123C90}.Release|Any CPU.Build.0 = Release|Any CPU
	EndGlobalSection
	GlobalSection(SolutionProperties) = preSolution
		HideSolutionNode = FALSE
	EndGlobalSection
	GlobalSection(ExtensibilityGlobals) = postSolution
		SolutionGuid = {B76B63AF-4849-495C-ADDF-4CD902324D3E}
	EndGlobalSection
EndGlobal
